
Microsoft Visual Studio Solution File, Format Version 12.00
# Visual Studio Version 17
VisualStudioVersion = 17.13.35825.156
MinimumVisualStudioVersion = 10.0.40219.1
Project("{FAE04EC0-301F-11D3-BF4B-00C04F79EFBC}") = "RealEstate.Api", "RealEstate.Api\RealEstate.Api.csproj", "{290C5DC1-4415-4F59-A2D5-466BFF42D074}"
EndProject
Project("{FAE04EC0-301F-11D3-BF4B-00C04F79EFBC}") = "RealEstate.Application", "RealEstate.Application\RealEstate.Application.csproj", "{B09F169A-A96E-4C7E-852D-05417767C428}"
EndProject
Project("{FAE04EC0-301F-11D3-BF4B-00C04F79EFBC}") = "RealEstate.Infrastructure", "RealEstate.Infrastructure\RealEstate.Infrastructure.csproj", "{742D9F8C-4EED-4522-8868-2D5078699AC5}"
EndProject
Project("{FAE04EC0-301F-11D3-BF4B-00C04F79EFBC}") = "RealEstate.Domain", "RealEstate.Domain\RealEstate.Domain.csproj", "{48584D33-5AF7-4FE2-8807-79CF73768214}"
EndProject
Project("{FAE04EC0-301F-11D3-BF4B-00C04F79EFBC}") = "RealEstate.Tests", "RealEstate.Tests\RealEstate.Tests.csproj", "{C7352E9A-44CE-48F4-B5D3-CECAE18522FD}"
EndProject
Global
	GlobalSection(SolutionConfigurationPlatforms) = preSolution
		Debug|Any CPU = Debug|Any CPU
		Release|Any CPU = Release|Any CPU
	EndGlobalSection
	GlobalSection(ProjectConfigurationPlatforms) = postSolution
		{290C5DC1-4415-4F59-A2D5-466BFF42D074}.Debug|Any CPU.ActiveCfg = Debug|Any CPU
		{290C5DC1-4415-4F59-A2D5-466BFF42D074}.Debug|Any CPU.Build.0 = Debug|Any CPU
		{290C5DC1-4415-4F59-A2D5-466BFF42D074}.Release|Any CPU.ActiveCfg = Release|Any CPU
		{290C5DC1-4415-4F59-A2D5-466BFF42D074}.Release|Any CPU.Build.0 = Release|Any CPU
		{B09F169A-A96E-4C7E-852D-05417767C428}.Debug|Any CPU.ActiveCfg = Debug|Any CPU
		{B09F169A-A96E-4C7E-852D-05417767C428}.Debug|Any CPU.Build.0 = Debug|Any CPU
		{B09F169A-A96E-4C7E-852D-05417767C428}.Release|Any CPU.ActiveCfg = Release|Any CPU
		{B09F169A-A96E-4C7E-852D-05417767C428}.Release|Any CPU.Build.0 = Release|Any CPU
		{742D9F8C-4EED-4522-8868-2D5078699AC5}.Debug|Any CPU.ActiveCfg = Debug|Any CPU
		{742D9F8C-4EED-4522-8868-2D5078699AC5}.Debug|Any CPU.Build.0 = Debug|Any CPU
		{742D9F8C-4EED-4522-8868-2D5078699AC5}.Release|Any CPU.ActiveCfg = Release|Any CPU
		{742D9F8C-4EED-4522-8868-2D5078699AC5}.Release|Any CPU.Build.0 = Release|Any CPU
		{48584D33-5AF7-4FE2-8807-79CF73768214}.Debug|Any CPU.ActiveCfg = Debug|Any CPU
		{48584D33-5AF7-4FE2-8807-79CF73768214}.Debug|Any CPU.Build.0 = Debug|Any CPU
		{48584D33-5AF7-4FE2-8807-79CF73768214}.Release|Any CPU.ActiveCfg = Release|Any CPU
		{48584D33-5AF7-4FE2-8807-79CF73768214}.Release|Any CPU.Build.0 = Release|Any CPU
		{C7352E9A-44CE-48F4-B5D3-CECAE18522FD}.Debug|Any CPU.ActiveCfg = Debug|Any CPU
		{C7352E9A-44CE-48F4-B5D3-CECAE18522FD}.Debug|Any CPU.Build.0 = Debug|Any CPU
		{C7352E9A-44CE-48F4-B5D3-CECAE18522FD}.Release|Any CPU.ActiveCfg = Release|Any CPU
		{C7352E9A-44CE-48F4-B5D3-CECAE18522FD}.Release|Any CPU.Build.0 = Release|Any CPU
	EndGlobalSection
	GlobalSection(SolutionProperties) = preSolution
		HideSolutionNode = FALSE
	EndGlobalSection
	GlobalSection(ExtensibilityGlobals) = postSolution
		SolutionGuid = {876A1B1F-D971-4121-AC7A-C09E07C67F6E}
	EndGlobalSection
EndGlobal
